Microsoft Visual Studio Solution File, Format Version 12.00
# Visual Studio Version 17
VisualStudioVersion = 17.4.33205.214
MinimumVisualStudioVersion = 10.0.40219.1
Project("{9A19103F-16F7-4668-BE54-9A1E7A4F7556}") = "TAMHR.Hangfire.Domain", "TAMHR.Hangfire.Domain\TAMHR.Hangfire.Domain.csproj", "{C96E598E-53C6-441D-91ED-99F8D6D57222}"
EndProject
Project("{9A19103F-16F7-4668-BE54-9A1E7A4F7556}") = "TAMHR.Hangfire.Service", "TAMHR.Hangfire.Service\TAMHR.Hangfire.Service.csproj", "{3DB399E3-4F01-4917-9DF5-5D0EA32868F9}"
EndProject
Project("{9A19103F-16F7-4668-BE54-9A1E7A4F7556}") = "TAMHR.Hangfire", "TAMHR.Hangfire\TAMHR.Hangfire.csproj", "{5FA5F95D-9269-4B90-B93E-216A51F0A5CB}"
EndProject
Project("{2150E333-8FDC-42A3-9474-1A3956D46DE8}") = ".nuget", ".nuget", "{02EA681E-C7D8-13C7-8484-4AC65E1B71E8}"
	ProjectSection(SolutionItems) = preProject
		.tfignore = .tfignore
		.nuget\NuGet.config = .nuget\NuGet.config
	EndProjectSection
EndProject
Project("{9A19103F-16F7-4668-BE54-9A1E7A4F7556}") = "HangfireSchedulerApp", "HangfireSchedulerApp\HangfireSchedulerApp.csproj", "{B7FBC599-A774-4FDB-8F17-810D06BFBF50}"
EndProject
Project("{9A19103F-16F7-4668-BE54-9A1E7A4F7556}") = "TAMHR.Hangfire.Tests", "TAMHR.Hangfire.Tests\TAMHR.Hangfire.Tests.csproj", "{D1E5F6A7-8B2C-4A3D-9E0F-1B2C3D4E5F67}"
EndProject
Global
	GlobalSection(SolutionConfigurationPlatforms) = preSolution
		Debug|Any CPU = Debug|Any CPU
		Release|Any CPU = Release|Any CPU
	EndGlobalSection
	GlobalSection(ProjectConfigurationPlatforms) = postSolution
		{C96E598E-53C6-441D-91ED-99F8D6D57222}.Debug|Any CPU.ActiveCfg = Debug|Any CPU
		{C96E598E-53C6-441D-91ED-99F8D6D57222}.Debug|Any CPU.Build.0 = Debug|Any CPU
		{C96E598E-53C6-441D-91ED-99F8D6D57222}.Release|Any CPU.ActiveCfg = Release|Any CPU
		{C96E598E-53C6-441D-91ED-99F8D6D57222}.Release|Any CPU.Build.0 = Release|Any CPU
		{3DB399E3-4F01-4917-9DF5-5D0EA32868F9}.Debug|Any CPU.ActiveCfg = Debug|Any CPU
		{3DB399E3-4F01-4917-9DF5-5D0EA32868F9}.Debug|Any CPU.Build.0 = Debug|Any CPU
		{3DB399E3-4F01-4917-9DF5-5D0EA32868F9}.Release|Any CPU.ActiveCfg = Release|Any CPU
		{3DB399E3-4F01-4917-9DF5-5D0EA32868F9}.Release|Any CPU.Build.0 = Release|Any CPU
		{5FA5F95D-9269-4B90-B93E-216A51F0A5CB}.Debug|Any CPU.ActiveCfg = Debug|Any CPU
		{5FA5F95D-9269-4B90-B93E-216A51F0A5CB}.Debug|Any CPU.Build.0 = Debug|Any CPU
		{5FA5F95D-9269-4B90-B93E-216A51F0A5CB}.Release|Any CPU.ActiveCfg = Release|Any CPU
		{5FA5F95D-9269-4B90-B93E-216A51F0A5CB}.Release|Any CPU.Build.0 = Release|Any CPU
		{B7FBC599-A774-4FDB-8F17-810D06BFBF50}.Debug|Any CPU.ActiveCfg = Debug|Any CPU
		{B7FBC599-A774-4FDB-8F17-810D06BFBF50}.Debug|Any CPU.Build.0 = Debug|Any CPU
		{B7FBC599-A774-4FDB-8F17-810D06BFBF50}.Release|Any CPU.ActiveCfg = Release|Any CPU
		{B7FBC599-A774-4FDB-8F17-810D06BFBF50}.Release|Any CPU.Build.0 = Release|Any CPU
		{D1E5F6A7-8B2C-4A3D-9E0F-1B2C3D4E5F67}.Debug|Any CPU.ActiveCfg = Debug|Any CPU
		{D1E5F6A7-8B2C-4A3D-9E0F-1B2C3D4E5F67}.Debug|Any CPU.Build.0 = Debug|Any CPU
		{D1E5F6A7-8B2C-4A3D-9E0F-1B2C3D4E5F67}.Release|Any CPU.ActiveCfg = Release|Any CPU
		{D1E5F6A7-8B2C-4A3D-9E0F-1B2C3D4E5F67}.Release|Any CPU.Build.0 = Release|Any CPU
		{D1E5F6A7-8B2C-4A3D-9E0F-1B2C3D4E5F67}.Debug|Any CPU.ActiveCfg = Debug|Any CPU
		{D1E5F6A7-8B2C-4A3D-9E0F-1B2C3D4E5F67}.Debug|Any CPU.Build.0 = Debug|Any CPU
		{D1E5F6A7-8B2C-4A3D-9E0F-1B2C3D4E5F67}.Release|Any CPU.ActiveCfg = Release|Any CPU
		{D1E5F6A7-8B2C-4A3D-9E0F-1B2C3D4E5F67}.Release|Any CPU.Build.0 = Release|Any CPU
	EndGlobalSection
	GlobalSection(SolutionProperties) = preSolution
		HideSolutionNode = FALSE
	EndGlobalSection
	GlobalSection(ExtensibilityGlobals) = postSolution
		SolutionGuid = {85312115-D176-44DE-A398-96BC0A6D835B}
	EndGlobalSection
	GlobalSection(TeamFoundationVersionControl) = preSolution
		SccNumberOfProjects = 4
		SccEnterpriseProvider = {4CA58AB2-18FA-4F8D-95D4-32DDF27D184C}
		SccTeamFoundationServer = https://dev.azure.com/atlantica
		SccLocalPath0 = .
		SccProjectUniqueName1 = TAMHR.Hangfire.Domain\\TAMHR.Hangfire.Domain.csproj
		SccProjectName1 = TAMHR.Hangfire.Domain
		SccLocalPath1 = TAMHR.Hangfire.Domain
		SccProjectUniqueName2 = TAMHR.Hangfire.Service\\TAMHR.Hangfire.Service.csproj
		SccProjectName2 = TAMHR.Hangfire.Service
		SccLocalPath2 = TAMHR.Hangfire.Service
		SccProjectUniqueName3 = TAMHR.Hangfire\\TAMHR.Hangfire.csproj
		SccProjectName3 = TAMHR.Hangfire
		SccLocalPath3 = TAMHR.Hangfire
	EndGlobalSection
EndGlobal
